
Microsoft Visual Studio Solution File, Format Version 12.00
# Visual Studio Version 17
VisualStudioVersion = 17.1.32210.238
MinimumVisualStudioVersion = 10.0.40219.1
Project("{FAE04EC0-301F-11D3-BF4B-00C04F79EFBC}") = "FindlApp", "FindlApp\FindlApp.csproj", "{94642AE6-3D1E-47AE-B8A6-37E02368071E}"
EndProject
Global
	GlobalSection(SolutionConfigurationPlatforms) = preSolution
		Debug|Any CPU = Debug|Any CPU
		Release|Any CPU = Release|Any CPU
	EndGlobalSection
	GlobalSection(ProjectConfigurationPlatforms) = postSolution
		{94642AE6-3D1E-47AE-B8A6-37E02368071E}.Debug|Any CPU.ActiveCfg = Debug|Any CPU
		{94642AE6-3D1E-47AE-B8A6-37E02368071E}.Debug|Any CPU.Build.0 = Debug|Any CPU
		{94642AE6-3D1E-47AE-B8A6-37E02368071E}.Release|Any CPU.ActiveCfg = Release|Any CPU
		{94642AE6-3D1E-47AE-B8A6-37E02368071E}.Release|Any CPU.Build.0 = Release|Any CPU
	EndGlobalSection
	GlobalSection(SolutionProperties) = preSolution
		HideSolutionNode = FALSE
	EndGlobalSection
	GlobalSection(ExtensibilityGlobals) = postSolution
		SolutionGuid = {8A6A8CEE-1424-4D8A-8155-CF31E60099BD}
	EndGlobalSection
EndGlobal
